// !$*UTF8*$!
{
	archiveVersion = 1;
	classes = {
	};
	objectVersion = 50;
	objects = {

/* Begin PBXBuildFile section */
		5981B610227D32B300032767 /* AppDelegate.swift in Sources */ = {isa = PBXBuildFile; fileRef = 5981B60F227D32B300032767 /* AppDelegate.swift */; };
		5981B612227D32B300032767 /* art.scnassets in Resources */ = {isa = PBXBuildFile; fileRef = 5981B611227D32B300032767 /* art.scnassets */; };
		5981B614227D32B300032767 /* ViewController.swift in Sources */ = {isa = PBXBuildFile; fileRef = 5981B613227D32B300032767 /* ViewController.swift */; };
		5981B617227D32B300032767 /* Main.storyboard in Resources */ = {isa = PBXBuildFile; fileRef = 5981B615227D32B300032767 /* Main.storyboard */; };
		5981B619227D32B500032767 /* Assets.xcassets in Resources */ = {isa = PBXBuildFile; fileRef = 5981B618227D32B500032767 /* Assets.xcassets */; };
		5981B61C227D32B500032767 /* LaunchScreen.storyboard in Resources */ = {isa = PBXBuildFile; fileRef = 5981B61A227D32B500032767 /* LaunchScreen.storyboard */; };
		5981B627227D32B500032767 /* AQR2Tests.swift in Sources */ = {isa = PBXBuildFile; fileRef = 5981B626227D32B500032767 /* AQR2Tests.swift */; };
		5981B632227D32B500032767 /* AQR2UITests.swift in Sources */ = {isa = PBXBuildFile; fileRef = 5981B631227D32B500032767 /* AQR2UITests.swift */; };
		59F6E18E227E7A910025CD34 /* ARNodeMaker.swift in Sources */ = {isa = PBXBuildFile; fileRef = 59F6E18D227E7A910025CD34 /* ARNodeMaker.swift */; };
		59F6E190227E82F30025CD34 /* HttpClientImpl.swift in Sources */ = {isa = PBXBuildFile; fileRef = 59F6E18F227E82F30025CD34 /* HttpClientImpl.swift */; };
		59F6E192227E8A920025CD34 /* HTMLPaser.swift in Sources */ = {isa = PBXBuildFile; fileRef = 59F6E191227E8A920025CD34 /* HTMLPaser.swift */; };
/* End PBXBuildFile section */

/* Begin PBXContainerItemProxy section */
		5981B623227D32B500032767 /* PBXContainerItemProxy */ = {
			isa = PBXContainerItemProxy;
			containerPortal = 5981B604227D32B300032767 /* Project object */;
			proxyType = 1;
			remoteGlobalIDString = 5981B60B227D32B300032767;
			remoteInfo = AQR2;
		};
		5981B62E227D32B500032767 /* PBXContainerItemProxy */ = {
			isa = PBXContainerItemProxy;
			containerPortal = 5981B604227D32B300032767 /* Project object */;
			proxyType = 1;
			remoteGlobalIDString = 5981B60B227D32B300032767;
			remoteInfo = AQR2;
		};
/* End PBXContainerItemProxy section */

/* Begin PBXFileReference section */
		5981B60C227D32B300032767 /* AQR2.app */ = {isa = PBXFileReference; explicitFileType = wrapper.application; includeInIndex = 0; path = AQR2.app; sourceTree = BUILT_PRODUCTS_DIR; };
		5981B60F227D32B300032767 /* AppDelegate.swift */ = {isa = PBXFileReference; lastKnownFileType = sourcecode.swift; path = AppDelegate.swift; sourceTree = "<group>"; };
		5981B611227D32B300032767 /* art.scnassets */ = {isa = PBXFileReference; lastKnownFileType = wrapper.scnassets; path = art.scnassets; sourceTree = "<group>"; };
		5981B613227D32B300032767 /* ViewController.swift */ = {isa = PBXFileReference; lastKnownFileType = sourcecode.swift; path = ViewController.swift; sourceTree = "<group>"; };
		5981B616227D32B300032767 /* Base */ = {isa = PBXFileReference; lastKnownFileType = file.storyboard; name = Base; path = Base.lproj/Main.storyboard; sourceTree = "<group>"; };
		5981B618227D32B500032767 /* Assets.xcassets */ = {isa = PBXFileReference; lastKnownFileType = folder.assetcatalog; path = Assets.xcassets; sourceTree = "<group>"; };
		5981B61B227D32B500032767 /* Base */ = {isa = PBXFileReference; lastKnownFileType = file.storyboard; name = Base; path = Base.lproj/LaunchScreen.storyboard; sourceTree = "<group>"; };
		5981B61D227D32B500032767 /* Info.plist */ = {isa = PBXFileReference; lastKnownFileType = text.plist.xml; path = Info.plist; sourceTree = "<group>"; };
		5981B622227D32B500032767 /* AQR2Tests.xctest */ = {isa = PBXFileReference; explicitFileType = wrapper.cfbundle; includeInIndex = 0; path = AQR2Tests.xctest; sourceTree = BUILT_PRODUCTS_DIR; };
		5981B626227D32B500032767 /* AQR2Tests.swift */ = {isa = PBXFileReference; lastKnownFileType = sourcecode.swift; path = AQR2Tests.swift; sourceTree = "<group>"; };
		5981B628227D32B500032767 /* Info.plist */ = {isa = PBXFileReference; lastKnownFileType = text.plist.xml; path = Info.plist; sourceTree = "<group>"; };
		5981B62D227D32B500032767 /* AQR2UITests.xctest */ = {isa = PBXFileReference; explicitFileType = wrapper.cfbundle; includeInIndex = 0; path = AQR2UITests.xctest; sourceTree = BUILT_PRODUCTS_DIR; };
		5981B631227D32B500032767 /* AQR2UITests.swift */ = {isa = PBXFileReference; lastKnownFileType = sourcecode.swift; path = AQR2UITests.swift; sourceTree = "<group>"; };
		5981B633227D32B500032767 /* Info.plist */ = {isa = PBXFileReference; lastKnownFileType = text.plist.xml; path = Info.plist; sourceTree = "<group>"; };
		59F6E18D227E7A910025CD34 /* ARNodeMaker.swift */ = {isa = PBXFileReference; lastKnownFileType = sourcecode.swift; path = ARNodeMaker.swift; sourceTree = "<group>"; };
		59F6E18F227E82F30025CD34 /* HttpClientImpl.swift */ = {isa = PBXFileReference; lastKnownFileType = sourcecode.swift; path = HttpClientImpl.swift; sourceTree = "<group>"; };
		59F6E191227E8A920025CD34 /* HTMLPaser.swift */ = {isa = PBXFileReference; lastKnownFileType = sourcecode.swift; path = HTMLPaser.swift; sourceTree = "<group>"; };
/* End PBXFileReference section */

/* Begin PBXFrameworksBuildPhase section */
		5981B609227D32B300032767 /* Frameworks */ = {
			isa = PBXFrameworksBuildPhase;
			buildActionMask = 2147483647;
			files = (
			);
			runOnlyForDeploymentPostprocessing = 0;
		};
		5981B61F227D32B500032767 /* Frameworks */ = {
			isa = PBXFrameworksBuildPhase;
			buildActionMask = 2147483647;
			files = (
			);
			runOnlyForDeploymentPostprocessing = 0;
		};
		5981B62A227D32B500032767 /* Frameworks */ = {
			isa = PBXFrameworksBuildPhase;
			buildActionMask = 2147483647;
			files = (
			);
			runOnlyForDeploymentPostprocessing = 0;
		};
/* End PBXFrameworksBuildPhase section */

/* Begin PBXGroup section */
		5981B603227D32B300032767 = {
			isa = PBXGroup;
			children = (
				5981B60E227D32B300032767 /* AQR2 */,
				5981B625227D32B500032767 /* AQR2Tests */,
				5981B630227D32B500032767 /* AQR2UITests */,
				5981B60D227D32B300032767 /* Products */,
			);
			sourceTree = "<group>";
		};
		5981B60D227D32B300032767 /* Products */ = {
			isa = PBXGroup;
			children = (
				5981B60C227D32B300032767 /* AQR2.app */,
				5981B622227D32B500032767 /* AQR2Tests.xctest */,
				5981B62D227D32B500032767 /* AQR2UITests.xctest */,
			);
			name = Products;
			sourceTree = "<group>";
		};
		5981B60E227D32B300032767 /* AQR2 */ = {
			isa = PBXGroup;
			children = (
				5981B60F227D32B300032767 /* AppDelegate.swift */,
				5981B611227D32B300032767 /* art.scnassets */,
				5981B613227D32B300032767 /* ViewController.swift */,
				5981B615227D32B300032767 /* Main.storyboard */,
				5981B618227D32B500032767 /* Assets.xcassets */,
				5981B61A227D32B500032767 /* LaunchScreen.storyboard */,
				59F6E18F227E82F30025CD34 /* HttpClientImpl.swift */,
				5981B61D227D32B500032767 /* Info.plist */,
				59F6E18D227E7A910025CD34 /* ARNodeMaker.swift */,
				59F6E191227E8A920025CD34 /* HTMLPaser.swift */,
			);
			path = AQR2;
			sourceTree = "<group>";
		};
		5981B625227D32B500032767 /* AQR2Tests */ = {
			isa = PBXGroup;
			children = (
				5981B626227D32B500032767 /* AQR2Tests.swift */,
				5981B628227D32B500032767 /* Info.plist */,
			);
			path = AQR2Tests;
			sourceTree = "<group>";
		};
		5981B630227D32B500032767 /* AQR2UITests */ = {
			isa = PBXGroup;
			children = (
				5981B631227D32B500032767 /* AQR2UITests.swift */,
				5981B633227D32B500032767 /* Info.plist */,
			);
			path = AQR2UITests;
			sourceTree = "<group>";
		};
/* End PBXGroup section */

/* Begin PBXNativeTarget section */
		5981B60B227D32B300032767 /* AQR2 */ = {
			isa = PBXNativeTarget;
			buildConfigurationList = 5981B636227D32B500032767 /* Build configuration list for PBXNativeTarget "AQR2" */;
			buildPhases = (
				5981B608227D32B300032767 /* Sources */,
				5981B609227D32B300032767 /* Frameworks */,
				5981B60A227D32B300032767 /* Resources */,
			);
			buildRules = (
			);
			dependencies = (
			);
			name = AQR2;
			productName = AQR2;
			productReference = 5981B60C227D32B300032767 /* AQR2.app */;
			productType = "com.apple.product-type.application";
		};
		5981B621227D32B500032767 /* AQR2Tests */ = {
			isa = PBXNativeTarget;
			buildConfigurationList = 5981B639227D32B500032767 /* Build configuration list for PBXNativeTarget "AQR2Tests" */;
			buildPhases = (
				5981B61E227D32B500032767 /* Sources */,
				5981B61F227D32B500032767 /* Frameworks */,
				5981B620227D32B500032767 /* Resources */,
			);
			buildRules = (
			);
			dependencies = (
				5981B624227D32B500032767 /* PBXTargetDependency */,
			);
			name = AQR2Tests;
			productName = AQR2Tests;
			productReference = 5981B622227D32B500032767 /* AQR2Tests.xctest */;
			productType = "com.apple.product-type.bundle.unit-test";
		};
		5981B62C227D32B500032767 /* AQR2UITests */ = {
			isa = PBXNativeTarget;
			buildConfigurationList = 5981B63C227D32B500032767 /* Build configuration list for PBXNativeTarget "AQR2UITests" */;
			buildPhases = (
				5981B629227D32B500032767 /* Sources */,
				5981B62A227D32B500032767 /* Frameworks */,
				5981B62B227D32B500032767 /* Resources */,
			);
			buildRules = (
			);
			dependencies = (
				5981B62F227D32B500032767 /* PBXTargetDependency */,
			);
			name = AQR2UITests;
			productName = AQR2UITests;
			productReference = 5981B62D227D32B500032767 /* AQR2UITests.xctest */;
			productType = "com.apple.product-type.bundle.ui-testing";
		};
/* End PBXNativeTarget section */

/* Begin PBXProject section */
		5981B604227D32B300032767 /* Project object */ = {
			isa = PBXProject;
			attributes = {
				LastSwiftUpdateCheck = 1010;
				LastUpgradeCheck = 1010;
				ORGANIZATIONNAME = nakatayuki;
				TargetAttributes = {
					5981B60B227D32B300032767 = {
						CreatedOnToolsVersion = 10.1;
					};
					5981B621227D32B500032767 = {
						CreatedOnToolsVersion = 10.1;
						TestTargetID = 5981B60B227D32B300032767;
					};
					5981B62C227D32B500032767 = {
						CreatedOnToolsVersion = 10.1;
						TestTargetID = 5981B60B227D32B300032767;
					};
				};
			};
			buildConfigurationList = 5981B607227D32B300032767 /* Build configuration list for PBXProject "AQR2" */;
			compatibilityVersion = "Xcode 9.3";
			developmentRegion = en;
			hasScannedForEncodings = 0;
			knownRegions = (
				en,
				Base,
			);
			mainGroup = 5981B603227D32B300032767;
			productRefGroup = 5981B60D227D32B300032767 /* Products */;
			projectDirPath = "";
			projectRoot = "";
			targets = (
				5981B60B227D32B300032767 /* AQR2 */,
				5981B621227D32B500032767 /* AQR2Tests */,
				5981B62C227D32B500032767 /* AQR2UITests */,
			);
		};
/* End PBXProject section */

/* Begin PBXResourcesBuildPhase section */
		5981B60A227D32B300032767 /* Resources */ = {
			isa = PBXResourcesBuildPhase;
			buildActionMask = 2147483647;
			files = (
				5981B612227D32B300032767 /* art.scnassets in Resources */,
				5981B61C227D32B500032767 /* LaunchScreen.storyboard in Resources */,
				5981B619227D32B500032767 /* Assets.xcassets in Resources */,
				5981B617227D32B300032767 /* Main.storyboard in Resources */,
			);
			runOnlyForDeploymentPostprocessing = 0;
		};
		5981B620227D32B500032767 /* Resources */ = {
			isa = PBXResourcesBuildPhase;
			buildActionMask = 2147483647;
			files = (
			);
			runOnlyForDeploymentPostprocessing = 0;
		};
		5981B62B227D32B500032767 /* Resources */ = {
			isa = PBXResourcesBuildPhase;
			buildActionMask = 2147483647;
			files = (
			);
			runOnlyForDeploymentPostprocessing = 0;
		};
/* End PBXResourcesBuildPhase section */

/* Begin PBXSourcesBuildPhase section */
		5981B608227D32B300032767 /* Sources */ = {
			isa = PBXSourcesBuildPhase;
			buildActionMask = 2147483647;
			files = (
				59F6E192227E8A920025CD34 /* HTMLPaser.swift in Sources */,
				59F6E190227E82F30025CD34 /* HttpClientImpl.swift in Sources */,
				59F6E18E227E7A910025CD34 /* ARNodeMaker.swift in Sources */,
				5981B614227D32B300032767 /* ViewController.swift in Sources */,
				5981B610227D32B300032767 /* AppDelegate.swift in Sources */,
			);
			runOnlyForDeploymentPostprocessing = 0;
		};
		5981B61E227D32B500032767 /* Sources */ = {
			isa = PBXSourcesBuildPhase;
			buildActionMask = 2147483647;
			files = (
				5981B627227D32B500032767 /* AQR2Tests.swift in Sources */,
			);
			runOnlyForDeploymentPostprocessing = 0;
		};
		5981B629227D32B500032767 /* Sources */ = {
			isa = PBXSourcesBuildPhase;
			buildActionMask = 2147483647;
			files = (
				5981B632227D32B500032767 /* AQR2UITests.swift in Sources */,
			);
			runOnlyForDeploymentPostprocessing = 0;
		};
/* End PBXSourcesBuildPhase section */

/* Begin PBXTargetDependency section */
		5981B624227D32B500032767 /* PBXTargetDependency */ = {
			isa = PBXTargetDependency;
			target = 5981B60B227D32B300032767 /* AQR2 */;
			targetProxy = 5981B623227D32B500032767 /* PBXContainerItemProxy */;
		};
		5981B62F227D32B500032767 /* PBXTargetDependency */ = {
			isa = PBXTargetDependency;
			target = 5981B60B227D32B300032767 /* AQR2 */;
			targetProxy = 5981B62E227D32B500032767 /* PBXContainerItemProxy */;
		};
/* End PBXTargetDependency section */

/* Begin PBXVariantGroup section */
		5981B615227D32B300032767 /* Main.storyboard */ = {
			isa = PBXVariantGroup;
			children = (
				5981B616227D32B300032767 /* Base */,
			);
			name = Main.storyboard;
			sourceTree = "<group>";
		};
		5981B61A227D32B500032767 /* LaunchScreen.storyboard */ = {
			isa = PBXVariantGroup;
			children = (
				5981B61B227D32B500032767 /* Base */,
			);
			name = LaunchScreen.storyboard;
			sourceTree = "<group>";
		};
/* End PBXVariantGroup section */

/* Begin XCBuildConfiguration section */
		5981B634227D32B500032767 /* Debug */ = {
			isa = XCBuildConfiguration;
			buildSettings = {
				ALWAYS_SEARCH_USER_PATHS = NO;
				CLANG_ANALYZER_NONNULL = YES;
				CLANG_ANALYZER_NUMBER_OBJECT_CONVERSION = YES_AGGRESSIVE;
				CLANG_CXX_LANGUAGE_STANDARD = "gnu++14";
				CLANG_CXX_LIBRARY = "libc++";
				CLANG_ENABLE_MODULES = YES;
				CLANG_ENABLE_OBJC_ARC = YES;
				CLANG_ENABLE_OBJC_WEAK = YES;
				CLANG_WARN_BLOCK_CAPTURE_AUTORELEASING = YES;
				CLANG_WARN_BOOL_CONVERSION = YES;
				CLANG_WARN_COMMA = YES;
				CLANG_WARN_CONSTANT_CONVERSION = YES;
				CLANG_WARN_DEPRECATED_OBJC_IMPLEMENTATIONS = YES;
				CLANG_WARN_DIRECT_OBJC_ISA_USAGE = YES_ERROR;
				CLANG_WARN_DOCUMENTATION_COMMENTS = YES;
				CLANG_WARN_EMPTY_BODY = YES;
				CLANG_WARN_ENUM_CONVERSION = YES;
				CLANG_WARN_INFINITE_RECURSION = YES;
				CLANG_WARN_INT_CONVERSION = YES;
				CLANG_WARN_NON_LITERAL_NULL_CONVERSION = YES;
				CLANG_WARN_OBJC_IMPLICIT_RETAIN_SELF = YES;
				CLANG_WARN_OBJC_LITERAL_CONVERSION = YES;
				CLANG_WARN_OBJC_ROOT_CLASS = YES_ERROR;
				CLANG_WARN_RANGE_LOOP_ANALYSIS = YES;
				CLANG_WARN_STRICT_PROTOTYPES = YES;
				CLANG_WARN_SUSPICIOUS_MOVE = YES;
				CLANG_WARN_UNGUARDED_AVAILABILITY = YES_AGGRESSIVE;
				CLANG_WARN_UNREACHABLE_CODE = YES;
				CLANG_WARN__DUPLICATE_METHOD_MATCH = YES;
				CODE_SIGN_IDENTITY = "iPhone Developer";
				COPY_PHASE_STRIP = NO;
				DEBUG_INFORMATION_FORMAT = dwarf;
				ENABLE_STRICT_OBJC_MSGSEND = YES;
				ENABLE_TESTABILITY = YES;
				GCC_C_LANGUAGE_STANDARD = gnu11;
				GCC_DYNAMIC_NO_PIC = NO;
				GCC_NO_COMMON_BLOCKS = YES;
				GCC_OPTIMIZATION_LEVEL = 0;
				GCC_PREPROCESSOR_DEFINITIONS = (
					"DEBUG=1",
					"$(inherited)",
				);
				GCC_WARN_64_TO_32_BIT_CONVERSION = YES;
				GCC_WARN_ABOUT_RETURN_TYPE = YES_ERROR;
				GCC_WARN_UNDECLARED_SELECTOR = YES;
				GCC_WARN_UNINITIALIZED_AUTOS = YES_AGGRESSIVE;
				GCC_WARN_UNUSED_FUNCTION = YES;
				GCC_WARN_UNUSED_VARIABLE = YES;
				IPHONEOS_DEPLOYMENT_TARGET = 12.1;
				MTL_ENABLE_DEBUG_INFO = INCLUDE_SOURCE;
				MTL_FAST_MATH = YES;
				ONLY_ACTIVE_ARCH = YES;
				SDKROOT = iphoneos;
				SWIFT_ACTIVE_COMPILATION_CONDITIONS = DEBUG;
				SWIFT_OPTIMIZATION_LEVEL = "-Onone";
			};
			name = Debug;
		};
		5981B635227D32B500032767 /* Release */ = {
			isa = XCBuildConfiguration;
			buildSettings = {
				ALWAYS_SEARCH_USER_PATHS = NO;
				CLANG_ANALYZER_NONNULL = YES;
				CLANG_ANALYZER_NUMBER_OBJECT_CONVERSION = YES_AGGRESSIVE;
				CLANG_CXX_LANGUAGE_STANDARD = "gnu++14";
				CLANG_CXX_LIBRARY = "libc++";
				CLANG_ENABLE_MODULES = YES;
				CLANG_ENABLE_OBJC_ARC = YES;
				CLANG_ENABLE_OBJC_WEAK = YES;
				CLANG_WARN_BLOCK_CAPTURE_AUTORELEASING = YES;
				CLANG_WARN_BOOL_CONVERSION = YES;
				CLANG_WARN_COMMA = YES;
				CLANG_WARN_CONSTANT_CONVERSION = YES;
				CLANG_WARN_DEPRECATED_OBJC_IMPLEMENTATIONS = YES;
				CLANG_WARN_DIRECT_OBJC_ISA_USAGE = YES_ERROR;
				CLANG_WARN_DOCUMENTATION_COMMENTS = YES;
				CLANG_WARN_EMPTY_BODY = YES;
				CLANG_WARN_ENUM_CONVERSION = YES;
				CLANG_WARN_INFINITE_RECURSION = YES;
				CLANG_WARN_INT_CONVERSION = YES;
				CLANG_WARN_NON_LITERAL_NULL_CONVERSION = YES;
				CLANG_WARN_OBJC_IMPLICIT_RETAIN_SELF = YES;
				CLANG_WARN_OBJC_LITERAL_CONVERSION = YES;
				CLANG_WARN_OBJC_ROOT_CLASS = YES_ERROR;
				CLANG_WARN_RANGE_LOOP_ANALYSIS = YES;
				CLANG_WARN_STRICT_PROTOTYPES = YES;
				CLANG_WARN_SUSPICIOUS_MOVE = YES;
				CLANG_WARN_UNGUARDED_AVAILABILITY = YES_AGGRESSIVE;
				CLANG_WARN_UNREACHABLE_CODE = YES;
				CLANG_WARN__DUPLICATE_METHOD_MATCH = YES;
				CODE_SIGN_IDENTITY = "iPhone Developer";
				COPY_PHASE_STRIP = NO;
				DEBUG_INFORMATION_FORMAT = "dwarf-with-dsym";
				ENABLE_NS_ASSERTIONS = NO;
				ENABLE_STRICT_OBJC_MSGSEND = YES;
				GCC_C_LANGUAGE_STANDARD = gnu11;
				GCC_NO_COMMON_BLOCKS = YES;
				GCC_WARN_64_TO_32_BIT_CONVERSION = YES;
				GCC_WARN_ABOUT_RETURN_TYPE = YES_ERROR;
				GCC_WARN_UNDECLARED_SELECTOR = YES;
				GCC_WARN_UNINITIALIZED_AUTOS = YES_AGGRESSIVE;
				GCC_WARN_UNUSED_FUNCTION = YES;
				GCC_WARN_UNUSED_VARIABLE = YES;
				IPHONEOS_DEPLOYMENT_TARGET = 12.1;
				MTL_ENABLE_DEBUG_INFO = NO;
				MTL_FAST_MATH = YES;
				SDKROOT = iphoneos;
				SWIFT_COMPILATION_MODE = wholemodule;
				SWIFT_OPTIMIZATION_LEVEL = "-O";
				VALIDATE_PRODUCT = YES;
			};
			name = Release;
		};
		5981B637227D32B500032767 /* Debug */ = {
			isa = XCBuildConfiguration;
			buildSettings = {
				ASSETCATALOG_COMPILER_APPICON_NAME = AppIcon;
				CODE_SIGN_STYLE = Automatic;
				DEVELOPMENT_TEAM = 3KKXY5S9W2;
				INFOPLIST_FILE = AQR2/Info.plist;
				IPHONEOS_DEPLOYMENT_TARGET = 11.3;
				LD_RUNPATH_SEARCH_PATHS = (
					"$(inherited)",
					"@executable_path/Frameworks",
				);
				PRODUCT_BUNDLE_IDENTIFIER = eggplant.com.AQR2;
				PRODUCT_NAME = "$(TARGET_NAME)";
				SWIFT_VERSION = 4.2;
				TARGETED_DEVICE_FAMILY = "1,2";
			};
			name = Debug;
		};
		5981B638227D32B500032767 /* Release */ = {
			isa = XCBuildConfiguration;
			buildSettings = {
				ASSETCATALOG_COMPILER_APPICON_NAME = AppIcon;
				CODE_SIGN_STYLE = Automatic;
				DEVELOPMENT_TEAM = 3KKXY5S9W2;
				INFOPLIST_FILE = AQR2/Info.plist;
				IPHONEOS_DEPLOYMENT_TARGET = 11.3;
				LD_RUNPATH_SEARCH_PATHS = (
					"$(inherited)",
					"@executable_path/Frameworks",
				);
				PRODUCT_BUNDLE_IDENTIFIER = eggplant.com.AQR2;
				PRODUCT_NAME = "$(TARGET_NAME)";
				SWIFT_VERSION = 4.2;
				TARGETED_DEVICE_FAMILY = "1,2";
			};
			name = Release;
		};
		5981B63A227D32B500032767 /* Debug */ = {
			isa = XCBuildConfiguration;
			buildSettings = {
				ALWAYS_EMBED_SWIFT_STANDARD_LIBRARIES = YES;
				BUNDLE_LOADER = "$(TEST_HOST)";
				CODE_SIGN_STYLE = Automatic;
				DEVELOPMENT_TEAM = 3KKXY5S9W2;
				INFOPLIST_FILE = AQR2Tests/Info.plist;
				LD_RUNPATH_SEARCH_PATHS = (
					"$(inherited)",
					"@executable_path/Frameworks",
					"@loader_path/Frameworks",
				);
				PRODUCT_BUNDLE_IDENTIFIER = eggplant.com.AQR2Tests;
				PRODUCT_NAME = "$(TARGET_NAME)";
				SWIFT_VERSION = 4.2;
				TARGETED_DEVICE_FAMILY = "1,2";
				TEST_HOST = "$(BUILT_PRODUCTS_DIR)/AQR2.app/AQR2";
			};
			name = Debug;
		};
		5981B63B227D32B500032767 /* Release */ = {
			isa = XCBuildConfiguration;
			buildSettings = {
				ALWAYS_EMBED_SWIFT_STANDARD_LIBRARIES = YES;
				BUNDLE_LOADER = "$(TEST_HOST)";
				CODE_SIGN_STYLE = Automatic;
				DEVELOPMENT_TEAM = 3KKXY5S9W2;
				INFOPLIST_FILE = AQR2Tests/Info.plist;
				LD_RUNPATH_SEARCH_PATHS = (
					"$(inherited)",
					"@executable_path/Frameworks",
					"@loader_path/Frameworks",
				);
				PRODUCT_BUNDLE_IDENTIFIER = eggplant.com.AQR2Tests;
				PRODUCT_NAME = "$(TARGET_NAME)";
				SWIFT_VERSION = 4.2;
				TARGETED_DEVICE_FAMILY = "1,2";
				TEST_HOST = "$(BUILT_PRODUCTS_DIR)/AQR2.app/AQR2";
			};
			name = Release;
		};
		5981B63D227D32B500032767 /* Debug */ = {
			isa = XCBuildConfiguration;
			buildSettings = {
				ALWAYS_EMBED_SWIFT_STANDARD_LIBRARIES = YES;
				CODE_SIGN_STYLE = Automatic;
				DEVELOPMENT_TEAM = 3KKXY5S9W2;
				INFOPLIST_FILE = AQR2UITests/Info.plist;
				LD_RUNPATH_SEARCH_PATHS = (
					"$(inherited)",
					"@executable_path/Frameworks",
					"@loader_path/Frameworks",
				);
				PRODUCT_BUNDLE_IDENTIFIER = eggplant.com.AQR2UITests;
				PRODUCT_NAME = "$(TARGET_NAME)";
				SWIFT_VERSION = 4.2;
				TARGETED_DEVICE_FAMILY = "1,2";
				TEST_TARGET_NAME = AQR2;
			};
			name = Debug;
		};
		5981B63E227D32B500032767 /* Release */ = {
			isa = XCBuildConfiguration;
			buildSettings = {
				ALWAYS_EMBED_SWIFT_STANDARD_LIBRARIES = YES;
				CODE_SIGN_STYLE = Automatic;
				DEVELOPMENT_TEAM = 3KKXY5S9W2;
				INFOPLIST_FILE = AQR2UITests/Info.plist;
				LD_RUNPATH_SEARCH_PATHS = (
					"$(inherited)",
					"@executable_path/Frameworks",
					"@loader_path/Frameworks",
				);
				PRODUCT_BUNDLE_IDENTIFIER = eggplant.com.AQR2UITests;
				PRODUCT_NAME = "$(TARGET_NAME)";
				SWIFT_VERSION = 4.2;
				TARGETED_DEVICE_FAMILY = "1,2";
				TEST_TARGET_NAME = AQR2;
			};
			name = Release;
		};
/* End XCBuildConfiguration section */

/* Begin XCConfigurationList section */
		5981B607227D32B300032767 /* Build configuration list for PBXProject "AQR2" */ = {
			isa = XCConfigurationList;
			buildConfigurations = (
				5981B634227D32B500032767 /* Debug */,
				5981B635227D32B500032767 /* Release */,
			);
			defaultConfigurationIsVisible = 0;
			defaultConfigurationName = Release;
		};
		5981B636227D32B500032767 /* Build configuration list for PBXNativeTarget "AQR2" */ = {
			isa = XCConfigurationList;
			buildConfigurations = (
				5981B637227D32B500032767 /* Debug */,
				5981B638227D32B500032767 /* Release */,
			);
			defaultConfigurationIsVisible = 0;
			defaultConfigurationName = Release;
		};
		5981B639227D32B500032767 /* Build configuration list for PBXNativeTarget "AQR2Tests" */ = {
			isa = XCConfigurationList;
			buildConfigurations = (
				5981B63A227D32B500032767 /* Debug */,
				5981B63B227D32B500032767 /* Release */,
			);
			defaultConfigurationIsVisible = 0;
			defaultConfigurationName = Release;
		};
		5981B63C227D32B500032767 /* Build configuration list for PBXNativeTarget "AQR2UITests" */ = {
			isa = XCConfigurationList;
			buildConfigurations = (
				5981B63D227D32B500032767 /* Debug */,
				5981B63E227D32B500032767 /* Release */,
			);
			defaultConfigurationIsVisible = 0;
			defaultConfigurationName = Release;
		};
/* End XCConfigurationList section */
	};
	rootObject = 5981B604227D32B300032767 /* Project object */;
}
